
Microsoft Visual Studio Solution File, Format Version 12.00
# Visual Studio Version 17
VisualStudioVersion = 17.3.32929.385
MinimumVisualStudioVersion = 10.0.40219.1
Project("{FAE04EC0-301F-11D3-BF4B-00C04F79EFBC}") = "Parcheggio", "Parcheggio\Parcheggio.csproj", "{F2467FD6-E2F6-4BCA-9559-461AC5689105}"
EndProject
Global
	GlobalSection(SolutionConfigurationPlatforms) = preSolution
		Debug|Any CPU = Debug|Any CPU
		Release|Any CPU = Release|Any CPU
	EndGlobalSection
	GlobalSection(ProjectConfigurationPlatforms) = postSolution
		{F2467FD6-E2F6-4BCA-9559-461AC5689105}.Debug|Any CPU.ActiveCfg = Debug|Any CPU
		{F2467FD6-E2F6-4BCA-9559-461AC5689105}.Debug|Any CPU.Build.0 = Debug|Any CPU
		{F2467FD6-E2F6-4BCA-9559-461AC5689105}.Release|Any CPU.ActiveCfg = Release|Any CPU
		{F2467FD6-E2F6-4BCA-9559-461AC5689105}.Release|Any CPU.Build.0 = Release|Any CPU
	EndGlobalSection
	GlobalSection(SolutionProperties) = preSolution
		HideSolutionNode = FALSE
	EndGlobalSection
	GlobalSection(ExtensibilityGlobals) = postSolution
		SolutionGuid = {1364B994-E637-4B01-949A-C52B6B4AB0AD}
	EndGlobalSection
EndGlobal
